
Microsoft Visual Studio Solution File, Format Version 12.00
# Visual Studio Version 16
VisualStudioVersion = 16.0.28809.33
MinimumVisualStudioVersion = 10.0.40219.1
Project("{9A19103F-16F7-4668-BE54-9A1E7A4F7556}") = "EventDriven.Shop.Cart.WebApi", "EventDriven.Shop.Cart.WebApi\EventDriven.Shop.Cart.WebApi.csproj", "{2787A7C4-2ED3-4DC5-BB23-33692E938BE3}"
EndProject
Project("{2150E333-8FDC-42A3-9474-1A3956D46DE8}") = "1 - Cart", "1 - Cart", "{AC5A8AB6-EC92-42BD-A779-BFC17FAAF3D1}"
EndProject
Project("{2150E333-8FDC-42A3-9474-1A3956D46DE8}") = "2 - Stock", "2 - Stock", "{4E8158C9-8E0E-4F43-8E62-AAD34C3BB782}"
EndProject
Project("{2150E333-8FDC-42A3-9474-1A3956D46DE8}") = "1 - Domain", "1 - Domain", "{B5C384F1-5B7E-4303-A350-9C6F423ED121}"
EndProject
Project("{2150E333-8FDC-42A3-9474-1A3956D46DE8}") = "2 - Application", "2 - Application", "{9B3423DB-CD7A-4609-A6FF-0ABD4060DE3C}"
EndProject
Project("{2150E333-8FDC-42A3-9474-1A3956D46DE8}") = "3 - Infra", "3 - Infra", "{BB104163-8642-419E-AF05-21EA54533E27}"
EndProject
Project("{2150E333-8FDC-42A3-9474-1A3956D46DE8}") = "4 - Web", "4 - Web", "{035DFBE6-699C-46D3-A16C-99AB9631ADB2}"
EndProject
Project("{2150E333-8FDC-42A3-9474-1A3956D46DE8}") = "1 - Domain", "1 - Domain", "{B93E9C71-602D-4DBE-BFF7-66631F28897C}"
EndProject
Project("{2150E333-8FDC-42A3-9474-1A3956D46DE8}") = "2 - Application", "2 - Application", "{ADBB7EAB-A6AE-4702-9EFF-9F5CAF1E4DD9}"
EndProject
Project("{2150E333-8FDC-42A3-9474-1A3956D46DE8}") = "3 - Infra", "3 - Infra", "{AB09674B-E36F-47A6-9FE1-415CC2EA4A4B}"
EndProject
Project("{2150E333-8FDC-42A3-9474-1A3956D46DE8}") = "4 - Web", "4 - Web", "{5EB06DE7-F7A1-4644-857A-2E942B50CF3B}"
EndProject
Project("{2150E333-8FDC-42A3-9474-1A3956D46DE8}") = "3 - Commander", "3 - Commander", "{EE710FE3-5779-46A9-99D9-22E723745080}"
EndProject
Project("{9A19103F-16F7-4668-BE54-9A1E7A4F7556}") = "Commander.Core", "Commander.Core\Commander.Core.csproj", "{1AA33E2C-F8EC-4E8F-967B-AB7F6AF09DC4}"
EndProject
Project("{9A19103F-16F7-4668-BE54-9A1E7A4F7556}") = "Commander.MessageBus.ServiceBus", "Commander.MessageBus\Commander.MessageBus.ServiceBus.csproj", "{8D41E661-15A3-43F3-AD5D-3B301C2FD9D0}"
EndProject
Project("{9A19103F-16F7-4668-BE54-9A1E7A4F7556}") = "Commander.MessageBus.Abstractions", "Commander.MessageBus.Abstractions\Commander.MessageBus.Abstractions.csproj", "{9B63CF7C-7993-4690-AC43-8BF1D55851C8}"
EndProject
Project("{9A19103F-16F7-4668-BE54-9A1E7A4F7556}") = "Commander.Abstractions", "Commander.Abstractions\Commander.Abstractions.csproj", "{0E408822-D189-4F04-80E2-97943CC51029}"
EndProject
Project("{2150E333-8FDC-42A3-9474-1A3956D46DE8}") = "4 - Shared", "4 - Shared", "{9D13445C-C6AE-4BA1-8354-81B4476F525C}"
EndProject
Project("{9A19103F-16F7-4668-BE54-9A1E7A4F7556}") = "EventDrive.Shop.Shared", "EventDrive.Shop.Shared\EventDrive.Shop.Shared.csproj", "{3041DF34-F5A5-47F9-947E-333C79A6D51C}"
EndProject
Project("{9A19103F-16F7-4668-BE54-9A1E7A4F7556}") = "EventDriven.Shop.Stock.Domain", "EventDriven.Shop.Stock.Domain\EventDriven.Shop.Stock.Domain.csproj", "{2F859A7B-E767-400F-8B27-75C5F2BF4289}"
EndProject
Project("{9A19103F-16F7-4668-BE54-9A1E7A4F7556}") = "EventDriven.Shop.Cart.Domain", "EventDriven.Shop.Cart\EventDriven.Shop.Cart.Domain.csproj", "{544FC286-FA24-4485-9B1A-6536EB474CE0}"
EndProject
Project("{9A19103F-16F7-4668-BE54-9A1E7A4F7556}") = "EventDriven.Shop.Stock.Application", "EventDriven.Shop.Stock.Application\EventDriven.Shop.Stock.Application.csproj", "{85863807-8E61-4980-8585-8313D953C09B}"
EndProject
Project("{9A19103F-16F7-4668-BE54-9A1E7A4F7556}") = "EventDriven.Shop.Cart.WorkerService", "EventDriven.Shop.Cart.WorkerService\EventDriven.Shop.Cart.WorkerService.csproj", "{27B85E90-B668-401D-AEF7-C90BD806370C}"
EndProject
Project("{9A19103F-16F7-4668-BE54-9A1E7A4F7556}") = "EventDriven.Shop.Cart.Application", "EventDriven.Shop.Cart.Application\EventDriven.Shop.Cart.Application.csproj", "{CC4DB398-0706-4D2C-93D5-35BE21F25B27}"
EndProject
Project("{FAE04EC0-301F-11D3-BF4B-00C04F79EFBC}") = "EventDriven.Shop.Stock.WorkerService", "EventDriven.Shop.Stock.WorkerService\EventDriven.Shop.Stock.WorkerService.csproj", "{7C887A26-637D-4D61-84F6-E9B46F50235F}"
EndProject
Project("{FAE04EC0-301F-11D3-BF4B-00C04F79EFBC}") = "EventDriven.Shop.Stock.Infra.Data", "EventDriven.Shop.Cart.Infra.Repository\EventDriven.Shop.Stock.Infra.Data.csproj", "{DC2236CC-BA33-48C0-97E8-AF921543467A}"
EndProject
Global
	GlobalSection(SolutionConfigurationPlatforms) = preSolution
		Debug|Any CPU = Debug|Any CPU
		Release|Any CPU = Release|Any CPU
	EndGlobalSection
	GlobalSection(ProjectConfigurationPlatforms) = postSolution
		{2787A7C4-2ED3-4DC5-BB23-33692E938BE3}.Debug|Any CPU.ActiveCfg = Debug|Any CPU
		{2787A7C4-2ED3-4DC5-BB23-33692E938BE3}.Debug|Any CPU.Build.0 = Debug|Any CPU
		{2787A7C4-2ED3-4DC5-BB23-33692E938BE3}.Release|Any CPU.ActiveCfg = Release|Any CPU
		{2787A7C4-2ED3-4DC5-BB23-33692E938BE3}.Release|Any CPU.Build.0 = Release|Any CPU
		{1AA33E2C-F8EC-4E8F-967B-AB7F6AF09DC4}.Debug|Any CPU.ActiveCfg = Debug|Any CPU
		{1AA33E2C-F8EC-4E8F-967B-AB7F6AF09DC4}.Debug|Any CPU.Build.0 = Debug|Any CPU
		{1AA33E2C-F8EC-4E8F-967B-AB7F6AF09DC4}.Release|Any CPU.ActiveCfg = Release|Any CPU
		{1AA33E2C-F8EC-4E8F-967B-AB7F6AF09DC4}.Release|Any CPU.Build.0 = Release|Any CPU
		{8D41E661-15A3-43F3-AD5D-3B301C2FD9D0}.Debug|Any CPU.ActiveCfg = Debug|Any CPU
		{8D41E661-15A3-43F3-AD5D-3B301C2FD9D0}.Debug|Any CPU.Build.0 = Debug|Any CPU
		{8D41E661-15A3-43F3-AD5D-3B301C2FD9D0}.Release|Any CPU.ActiveCfg = Release|Any CPU
		{8D41E661-15A3-43F3-AD5D-3B301C2FD9D0}.Release|Any CPU.Build.0 = Release|Any CPU
		{9B63CF7C-7993-4690-AC43-8BF1D55851C8}.Debug|Any CPU.ActiveCfg = Debug|Any CPU
		{9B63CF7C-7993-4690-AC43-8BF1D55851C8}.Debug|Any CPU.Build.0 = Debug|Any CPU
		{9B63CF7C-7993-4690-AC43-8BF1D55851C8}.Release|Any CPU.ActiveCfg = Release|Any CPU
		{9B63CF7C-7993-4690-AC43-8BF1D55851C8}.Release|Any CPU.Build.0 = Release|Any CPU
		{0E408822-D189-4F04-80E2-97943CC51029}.Debug|Any CPU.ActiveCfg = Debug|Any CPU
		{0E408822-D189-4F04-80E2-97943CC51029}.Debug|Any CPU.Build.0 = Debug|Any CPU
		{0E408822-D189-4F04-80E2-97943CC51029}.Release|Any CPU.ActiveCfg = Release|Any CPU
		{0E408822-D189-4F04-80E2-97943CC51029}.Release|Any CPU.Build.0 = Release|Any CPU
		{3041DF34-F5A5-47F9-947E-333C79A6D51C}.Debug|Any CPU.ActiveCfg = Debug|Any CPU
		{3041DF34-F5A5-47F9-947E-333C79A6D51C}.Debug|Any CPU.Build.0 = Debug|Any CPU
		{3041DF34-F5A5-47F9-947E-333C79A6D51C}.Release|Any CPU.ActiveCfg = Release|Any CPU
		{3041DF34-F5A5-47F9-947E-333C79A6D51C}.Release|Any CPU.Build.0 = Release|Any CPU
		{2F859A7B-E767-400F-8B27-75C5F2BF4289}.Debug|Any CPU.ActiveCfg = Debug|Any CPU
		{2F859A7B-E767-400F-8B27-75C5F2BF4289}.Debug|Any CPU.Build.0 = Debug|Any CPU
		{2F859A7B-E767-400F-8B27-75C5F2BF4289}.Release|Any CPU.ActiveCfg = Release|Any CPU
		{2F859A7B-E767-400F-8B27-75C5F2BF4289}.Release|Any CPU.Build.0 = Release|Any CPU
		{544FC286-FA24-4485-9B1A-6536EB474CE0}.Debug|Any CPU.ActiveCfg = Debug|Any CPU
		{544FC286-FA24-4485-9B1A-6536EB474CE0}.Debug|Any CPU.Build.0 = Debug|Any CPU
		{544FC286-FA24-4485-9B1A-6536EB474CE0}.Release|Any CPU.ActiveCfg = Release|Any CPU
		{544FC286-FA24-4485-9B1A-6536EB474CE0}.Release|Any CPU.Build.0 = Release|Any CPU
		{85863807-8E61-4980-8585-8313D953C09B}.Debug|Any CPU.ActiveCfg = Debug|Any CPU
		{85863807-8E61-4980-8585-8313D953C09B}.Debug|Any CPU.Build.0 = Debug|Any CPU
		{85863807-8E61-4980-8585-8313D953C09B}.Release|Any CPU.ActiveCfg = Release|Any CPU
		{85863807-8E61-4980-8585-8313D953C09B}.Release|Any CPU.Build.0 = Release|Any CPU
		{27B85E90-B668-401D-AEF7-C90BD806370C}.Debug|Any CPU.ActiveCfg = Debug|Any CPU
		{27B85E90-B668-401D-AEF7-C90BD806370C}.Debug|Any CPU.Build.0 = Debug|Any CPU
		{27B85E90-B668-401D-AEF7-C90BD806370C}.Release|Any CPU.ActiveCfg = Release|Any CPU
		{27B85E90-B668-401D-AEF7-C90BD806370C}.Release|Any CPU.Build.0 = Release|Any CPU
		{CC4DB398-0706-4D2C-93D5-35BE21F25B27}.Debug|Any CPU.ActiveCfg = Debug|Any CPU
		{CC4DB398-0706-4D2C-93D5-35BE21F25B27}.Debug|Any CPU.Build.0 = Debug|Any CPU
		{CC4DB398-0706-4D2C-93D5-35BE21F25B27}.Release|Any CPU.ActiveCfg = Release|Any CPU
		{CC4DB398-0706-4D2C-93D5-35BE21F25B27}.Release|Any CPU.Build.0 = Release|Any CPU
		{7C887A26-637D-4D61-84F6-E9B46F50235F}.Debug|Any CPU.ActiveCfg = Debug|Any CPU
		{7C887A26-637D-4D61-84F6-E9B46F50235F}.Debug|Any CPU.Build.0 = Debug|Any CPU
		{7C887A26-637D-4D61-84F6-E9B46F50235F}.Release|Any CPU.ActiveCfg = Release|Any CPU
		{7C887A26-637D-4D61-84F6-E9B46F50235F}.Release|Any CPU.Build.0 = Release|Any CPU
		{DC2236CC-BA33-48C0-97E8-AF921543467A}.Debug|Any CPU.ActiveCfg = Debug|Any CPU
		{DC2236CC-BA33-48C0-97E8-AF921543467A}.Debug|Any CPU.Build.0 = Debug|Any CPU
		{DC2236CC-BA33-48C0-97E8-AF921543467A}.Release|Any CPU.ActiveCfg = Release|Any CPU
		{DC2236CC-BA33-48C0-97E8-AF921543467A}.Release|Any CPU.Build.0 = Release|Any CPU
	EndGlobalSection
	GlobalSection(SolutionProperties) = preSolution
		HideSolutionNode = FALSE
	EndGlobalSection
	GlobalSection(NestedProjects) = preSolution
		{2787A7C4-2ED3-4DC5-BB23-33692E938BE3} = {035DFBE6-699C-46D3-A16C-99AB9631ADB2}
		{B5C384F1-5B7E-4303-A350-9C6F423ED121} = {AC5A8AB6-EC92-42BD-A779-BFC17FAAF3D1}
		{9B3423DB-CD7A-4609-A6FF-0ABD4060DE3C} = {AC5A8AB6-EC92-42BD-A779-BFC17FAAF3D1}
		{BB104163-8642-419E-AF05-21EA54533E27} = {AC5A8AB6-EC92-42BD-A779-BFC17FAAF3D1}
		{035DFBE6-699C-46D3-A16C-99AB9631ADB2} = {AC5A8AB6-EC92-42BD-A779-BFC17FAAF3D1}
		{B93E9C71-602D-4DBE-BFF7-66631F28897C} = {4E8158C9-8E0E-4F43-8E62-AAD34C3BB782}
		{ADBB7EAB-A6AE-4702-9EFF-9F5CAF1E4DD9} = {4E8158C9-8E0E-4F43-8E62-AAD34C3BB782}
		{AB09674B-E36F-47A6-9FE1-415CC2EA4A4B} = {4E8158C9-8E0E-4F43-8E62-AAD34C3BB782}
		{5EB06DE7-F7A1-4644-857A-2E942B50CF3B} = {4E8158C9-8E0E-4F43-8E62-AAD34C3BB782}
		{1AA33E2C-F8EC-4E8F-967B-AB7F6AF09DC4} = {EE710FE3-5779-46A9-99D9-22E723745080}
		{8D41E661-15A3-43F3-AD5D-3B301C2FD9D0} = {EE710FE3-5779-46A9-99D9-22E723745080}
		{9B63CF7C-7993-4690-AC43-8BF1D55851C8} = {EE710FE3-5779-46A9-99D9-22E723745080}
		{0E408822-D189-4F04-80E2-97943CC51029} = {EE710FE3-5779-46A9-99D9-22E723745080}
		{3041DF34-F5A5-47F9-947E-333C79A6D51C} = {9D13445C-C6AE-4BA1-8354-81B4476F525C}
		{2F859A7B-E767-400F-8B27-75C5F2BF4289} = {B93E9C71-602D-4DBE-BFF7-66631F28897C}
		{544FC286-FA24-4485-9B1A-6536EB474CE0} = {B5C384F1-5B7E-4303-A350-9C6F423ED121}
		{85863807-8E61-4980-8585-8313D953C09B} = {ADBB7EAB-A6AE-4702-9EFF-9F5CAF1E4DD9}
		{27B85E90-B668-401D-AEF7-C90BD806370C} = {035DFBE6-699C-46D3-A16C-99AB9631ADB2}
		{CC4DB398-0706-4D2C-93D5-35BE21F25B27} = {9B3423DB-CD7A-4609-A6FF-0ABD4060DE3C}
		{7C887A26-637D-4D61-84F6-E9B46F50235F} = {5EB06DE7-F7A1-4644-857A-2E942B50CF3B}
		{DC2236CC-BA33-48C0-97E8-AF921543467A} = {AB09674B-E36F-47A6-9FE1-415CC2EA4A4B}
	EndGlobalSection
	GlobalSection(ExtensibilityGlobals) = postSolution
		SolutionGuid = {A178571B-9442-4ED1-9E08-DF5DF726EE54}
	EndGlobalSection
EndGlobal
